{
  "name": "samba-quality-tools",
  "version": "1.0.0",
  "lockfileVersion": 3,
  "requires": true,
  "packages": {
    "": {
      "name": "samba-quality-tools",
      "version": "1.0.0",
      "dependencies": {
        "@secretlint/core": "13.0.5",
        "@secretlint/secretlint-rule-preset-recommend": "13.0.5",
        "axe-core": "4.13.0",
        "pixelmatch": "7.1.0",
        "playwright": "1.58.2",
        "pngjs": "7.0.0",
        "yaml": "2.9.0"
      },
      "engines": {
        "node": ">=22"
      }
    },
    "node_modules/@secretlint/core": {
      "version": "13.0.5",
      "resolved": "https://registry.npmjs.org/@secretlint/core/-/core-13.0.5.tgz",
      "integrity": "sha512-GOT2sDxb3Gz1kLx1/1zfSbnzjQrmZ/8rB62jcz98uA2eavtMNkwgybsaW0toNIaGGCVvnfYJ35pwRR6UG8lJRQ==",
      "license": "MIT",
      "dependencies": {
        "@secretlint/profiler": "13.0.5",
        "@secretlint/types": "13.0.5",
        "debug": "^4.4.3",
        "structured-source": "^4.0.0"
      },
      "engines": {
        "node": ">=22.0.0"
      }
    },
    "node_modules/@secretlint/profiler": {
      "version": "13.0.5",
      "resolved": "https://registry.npmjs.org/@secretlint/profiler/-/profiler-13.0.5.tgz",
      "integrity": "sha512-FAQIuD+sHgBqUl3zf4PN/zPW4aMDo5Ou9z3lMqL7vWSDvujhqwqolyLbdK/FKsmpdE8L87vfiabL2XvWqufZ7Q==",
      "license": "MIT"
    },
    "node_modules/@secretlint/secretlint-rule-preset-recommend": {
      "version": "13.0.5",
      "resolved": "https://registry.npmjs.org/@secretlint/secretlint-rule-preset-recommend/-/secretlint-rule-preset-recommend-13.0.5.tgz",
      "integrity": "sha512-dxOmTLf1w7I6rQEFPL8Hkdz6dR1FQXF0bzmTahH/Wyezy89TMPLL+8LbZ2YD8trkmYBnS37zUmOsZT6rMVftKQ==",
      "license": "MIT",
      "engines": {
        "node": ">=22.0.0"
      }
    },
    "node_modules/@secretlint/types": {
      "version": "13.0.5",
      "resolved": "https://registry.npmjs.org/@secretlint/types/-/types-13.0.5.tgz",
      "integrity": "sha512-VUIv9iZ9pg2lcWARUmR+7psoi02QBjgUtQnQGPRmAq/3Yt1whB5y52xwP2v5zxfj7C8KGrM2fxf7GhbHCHJUgQ==",
      "license": "MIT",
      "engines": {
        "node": ">=22.0.0"
      }
    },
    "node_modules/axe-core": {
      "version": "4.13.0",
      "resolved": "https://registry.npmjs.org/axe-core/-/axe-core-4.13.0.tgz",
      "integrity": "sha512-UzGt8zg7Ny8djbYMhxl2zuEevVa7r2gJjYY5Lwr1xM7+XU2nd6CkIWFTVcCIbAP63vSz71NaVyyuSk9lHKcy0A==",
      "license": "MPL-2.0",
      "engines": {
        "node": ">=4"
      }
    },
    "node_modules/boundary": {
      "version": "2.0.0",
      "resolved": "https://registry.npmjs.org/boundary/-/boundary-2.0.0.tgz",
      "integrity": "sha512-rJKn5ooC9u8q13IMCrW0RSp31pxBCHE3y9V/tp3TdWSLf8Em3p6Di4NBpfzbJge9YjjFEsD0RtFEjtvHL5VyEA==",
      "license": "BSD-2-Clause"
    },
    "node_modules/debug": {
      "version": "4.4.3",
      "resolved": "https://registry.npmjs.org/debug/-/debug-4.4.3.tgz",
      "integrity": "sha512-RGwwWnwQvkVfavKVt22FGLw+xYSdzARwm0ru6DhTVA3umU5hZc28V3kO4stgYryrTlLpuvgI9GiijltAjNbcqA==",
      "license": "MIT",
      "dependencies": {
        "ms": "^2.1.3"
      },
      "engines": {
        "node": ">=6.0"
      },
      "peerDependenciesMeta": {
        "supports-color": {
          "optional": true
        }
      }
    },
    "node_modules/fsevents": {
      "version": "2.3.2",
      "resolved": "https://registry.npmjs.org/fsevents/-/fsevents-2.3.2.tgz",
      "integrity": "sha512-xiqMQR4xAeHTuB9uWm+fFRcIOgKBMiOBP+eXiyT7jsgVCq1bkVygt00oASowB7EdtpOHaaPgKt812P9ab+DDKA==",
      "hasInstallScript": true,
      "license": "MIT",
      "optional": true,
      "os": [
        "darwin"
      ],
      "engines": {
        "node": "^8.16.0 || ^10.6.0 || >=11.0.0"
      }
    },
    "node_modules/ms": {
      "version": "2.1.3",
      "resolved": "https://registry.npmjs.org/ms/-/ms-2.1.3.tgz",
      "integrity": "sha512-6FlzubTLZG3J2a/NVCAleEhjzq5oxgHyaCU9yYXvcLsvoVaHJq/s5xXI6/XXP6tz7R9xAOtHnSO/tXtF3WRTlA==",
      "license": "MIT"
    },
    "node_modules/pixelmatch": {
      "version": "7.1.0",
      "resolved": "https://registry.npmjs.org/pixelmatch/-/pixelmatch-7.1.0.tgz",
      "integrity": "sha512-1wrVzJ2STrpmONHKBy228LM1b84msXDUoAzVEl0R8Mz4Ce6EPr+IVtxm8+yvrqLYMHswREkjYFaMxnyGnaY3Ng==",
      "license": "ISC",
      "dependencies": {
        "pngjs": "^7.0.0"
      },
      "bin": {
        "pixelmatch": "bin/pixelmatch"
      }
    },
    "node_modules/playwright": {
      "version": "1.58.2",
      "resolved": "https://registry.npmjs.org/playwright/-/playwright-1.58.2.tgz",
      "integrity": "sha512-vA30H8Nvkq/cPBnNw4Q8TWz1EJyqgpuinBcHET0YVJVFldr8JDNiU9LaWAE1KqSkRYazuaBhTpB5ZzShOezQ6A==",
      "license": "Apache-2.0",
      "dependencies": {
        "playwright-core": "1.58.2"
      },
      "bin": {
        "playwright": "cli.js"
      },
      "engines": {
        "node": ">=18"
      },
      "optionalDependencies": {
        "fsevents": "2.3.2"
      }
    },
    "node_modules/playwright-core": {
      "version": "1.58.2",
      "resolved": "https://registry.npmjs.org/playwright-core/-/playwright-core-1.58.2.tgz",
      "integrity": "sha512-yZkEtftgwS8CsfYo7nm0KE8jsvm6i/PTgVtB8DL726wNf6H2IMsDuxCpJj59KDaxCtSnrWan2AeDqM7JBaultg==",
      "license": "Apache-2.0",
      "bin": {
        "playwright-core": "cli.js"
      },
      "engines": {
        "node": ">=18"
      }
    },
    "node_modules/pngjs": {
      "version": "7.0.0",
      "resolved": "https://registry.npmjs.org/pngjs/-/pngjs-7.0.0.tgz",
      "integrity": "sha512-LKWqWJRhstyYo9pGvgor/ivk2w94eSjE3RGVuzLGlr3NmD8bf7RcYGze1mNdEHRP6TRP6rMuDHk5t44hnTRyow==",
      "license": "MIT",
      "engines": {
        "node": ">=14.19.0"
      }
    },
    "node_modules/structured-source": {
      "version": "4.0.0",
      "resolved": "https://registry.npmjs.org/structured-source/-/structured-source-4.0.0.tgz",
      "integrity": "sha512-qGzRFNJDjFieQkl/sVOI2dUjHKRyL9dAJi2gCPGJLbJHBIkyOHxjuocpIEfbLioX+qSJpvbYdT49/YCdMznKxA==",
      "license": "BSD-2-Clause",
      "dependencies": {
        "boundary": "^2.0.0"
      }
    },
    "node_modules/yaml": {
      "version": "2.9.0",
      "resolved": "https://registry.npmjs.org/yaml/-/yaml-2.9.0.tgz",
      "integrity": "sha512-2AvhNX3mb8zd6Zy7INTtSpl1F15HW6Wnqj0srWlkKLcpYl/gMIMJiyuGq2KeI2YFxUPjdlB+3Lc10seMLtL4cA==",
      "license": "ISC",
      "bin": {
        "yaml": "bin.mjs"
      },
      "engines": {
        "node": ">= 14.6"
      },
      "funding": {
        "url": "https://github.com/sponsors/eemeli"
      }
    }
  }
}
